
Microsoft Visual Studio Solution File, Format Version 12.00
# Visual Studio Version 17
VisualStudioVersion = 17.2.32630.192
MinimumVisualStudioVersion = 10.0.40219.1
Project("{FAE04EC0-301F-11D3-BF4B-00C04F79EFBC}") = "2022.08.15_PW", "2022.08.15_PW\2022.08.15_PW.csproj", "{6FE238EC-E8EB-469C-98A9-F33529FD8C71}"
EndProject
Global
	GlobalSection(SolutionConfigurationPlatforms) = preSolution
		Debug|Any CPU = Debug|Any CPU
		Release|Any CPU = Release|Any CPU
	EndGlobalSection
	GlobalSection(ProjectConfigurationPlatforms) = postSolution
		{6FE238EC-E8EB-469C-98A9-F33529FD8C71}.Debug|Any CPU.ActiveCfg = Debug|Any CPU
		{6FE238EC-E8EB-469C-98A9-F33529FD8C71}.Debug|Any CPU.Build.0 = Debug|Any CPU
		{6FE238EC-E8EB-469C-98A9-F33529FD8C71}.Release|Any CPU.ActiveCfg = Release|Any CPU
		{6FE238EC-E8EB-469C-98A9-F33529FD8C71}.Release|Any CPU.Build.0 = Release|Any CPU
	EndGlobalSection
	GlobalSection(SolutionProperties) = preSolution
		HideSolutionNode = FALSE
	EndGlobalSection
	GlobalSection(ExtensibilityGlobals) = postSolution
		SolutionGuid = {4C87D049-3B6D-4DF0-A57A-217081214C9D}
	EndGlobalSection
EndGlobal
