
Microsoft Visual Studio Solution File, Format Version 12.00
# Visual Studio Version 17
VisualStudioVersion = 17.2.32630.192
MinimumVisualStudioVersion = 10.0.40219.1
Project("{9A19103F-16F7-4668-BE54-9A1E7A4F7556}") = "2022.08.15_PW", "2022.08.15_PW\2022.08.15_PW.csproj", "{6FE238EC-E8EB-469C-98A9-F33529FD8C71}"
EndProject
Project("{2150E333-8FDC-42A3-9474-1A3956D46DE8}") = "Элементы решения", "Элементы решения", "{6A1967C3-606C-46A2-9FB9-1ACC76EDBE94}"
	ProjectSection(SolutionItems) = preProject
		Примечание.txt = Примечание.txt
	EndProjectSection
EndProject
Project("{9A19103F-16F7-4668-BE54-9A1E7A4F7556}") = "2022.08.15_PW_2", "2022.08.15_PW_2\2022.08.15_PW_2.csproj", "{D7974108-4A40-4AFB-9AE8-88ECE6077CE3}"
EndProject
Project("{9A19103F-16F7-4668-BE54-9A1E7A4F7556}") = "2022.08.15_HW", "2022.08.15_HW\2022.08.15_HW.csproj", "{4D90A776-B2CE-4ED2-B4DC-3F44FF5C7F97}"
EndProject
Project("{9A19103F-16F7-4668-BE54-9A1E7A4F7556}") = "2022.08.15_HW_Part_II", "2022.08.15_HW_Part_II\2022.08.15_HW_Part_II.csproj", "{7DB54F23-F58C-4EE4-8E69-598B81364670}"
EndProject
Project("{9A19103F-16F7-4668-BE54-9A1E7A4F7556}") = "2022.08.17_PW", "2022.08.17_PW\2022.08.17_PW.csproj", "{58379DB6-14EA-41B7-9B93-37B86399BA1F}"
EndProject
Project("{9A19103F-16F7-4668-BE54-9A1E7A4F7556}") = "2022.08.19_PW", "2022.08.19_PW\2022.08.19_PW.csproj", "{67C48C87-7022-499E-823D-3176B7669F0D}"
EndProject
Project("{9A19103F-16F7-4668-BE54-9A1E7A4F7556}") = "2022.08.19_PW_Part_II", "2022.08.19_PW_Part_II\2022.08.19_PW_Part_II.csproj", "{9B5FF5E8-3638-4E50-99AA-4AE11DA67E93}"
EndProject
Project("{9A19103F-16F7-4668-BE54-9A1E7A4F7556}") = "2022.08.19_HW", "2022.08.19_HW\2022.08.19_HW.csproj", "{D98DB13F-B729-4DD6-9C65-6FB11CFE1211}"
EndProject
Project("{9A19103F-16F7-4668-BE54-9A1E7A4F7556}") = "2022.08.22_PW", "2022.08.22_PW\2022.08.22_PW.csproj", "{742C93E5-9247-4A5F-8DA2-D3E2BC429A82}"
EndProject
Project("{9A19103F-16F7-4668-BE54-9A1E7A4F7556}") = "2022.08.26_PW", "2022.08.26_PW\2022.08.26_PW.csproj", "{9C41AB46-F134-4971-B9D4-3FCB560084B5}"
EndProject
Project("{9A19103F-16F7-4668-BE54-9A1E7A4F7556}") = "2022.08.26_PW_Part_II", "2022.08.26_PW_Part_II\2022.08.26_PW_Part_II.csproj", "{FB169683-5EB6-447E-905E-911E0C0EAEC9}"
EndProject
Project("{9A19103F-16F7-4668-BE54-9A1E7A4F7556}") = "2022.08.26_PW_Part_III", "2022.08.26_PW_Part_III\2022.08.26_PW_Part_III.csproj", "{A1040FF4-5BC9-42FA-9E09-E402444E5AF2}"
EndProject
Project("{9A19103F-16F7-4668-BE54-9A1E7A4F7556}") = "2022.08.26_PW_Part_IV", "2022.08.26_PW_Part_IV\2022.08.26_PW_Part_IV.csproj", "{EACB24EE-36FA-4D38-8609-DE42AB838655}"
EndProject
Project("{9A19103F-16F7-4668-BE54-9A1E7A4F7556}") = "2022.08.29_PW", "2022.08.29_PW\2022.08.29_PW.csproj", "{6FA5A051-CC8B-4762-A193-E0AB348BC02E}"
EndProject
Project("{FAE04EC0-301F-11D3-BF4B-00C04F79EFBC}") = "2022.08.29_PW_Part_II", "2022.08.29_PW_Part_II\2022.08.29_PW_Part_II.csproj", "{F7E26899-3044-4F7F-995D-9E4E42BBD310}"
EndProject
Global
	GlobalSection(SolutionConfigurationPlatforms) = preSolution
		Debug|Any CPU = Debug|Any CPU
		Release|Any CPU = Release|Any CPU
	EndGlobalSection
	GlobalSection(ProjectConfigurationPlatforms) = postSolution
		{6FE238EC-E8EB-469C-98A9-F33529FD8C71}.Debug|Any CPU.ActiveCfg = Debug|Any CPU
		{6FE238EC-E8EB-469C-98A9-F33529FD8C71}.Debug|Any CPU.Build.0 = Debug|Any CPU
		{6FE238EC-E8EB-469C-98A9-F33529FD8C71}.Release|Any CPU.ActiveCfg = Release|Any CPU
		{6FE238EC-E8EB-469C-98A9-F33529FD8C71}.Release|Any CPU.Build.0 = Release|Any CPU
		{D7974108-4A40-4AFB-9AE8-88ECE6077CE3}.Debug|Any CPU.ActiveCfg = Debug|Any CPU
		{D7974108-4A40-4AFB-9AE8-88ECE6077CE3}.Debug|Any CPU.Build.0 = Debug|Any CPU
		{D7974108-4A40-4AFB-9AE8-88ECE6077CE3}.Release|Any CPU.ActiveCfg = Release|Any CPU
		{D7974108-4A40-4AFB-9AE8-88ECE6077CE3}.Release|Any CPU.Build.0 = Release|Any CPU
		{4D90A776-B2CE-4ED2-B4DC-3F44FF5C7F97}.Debug|Any CPU.ActiveCfg = Debug|Any CPU
		{4D90A776-B2CE-4ED2-B4DC-3F44FF5C7F97}.Debug|Any CPU.Build.0 = Debug|Any CPU
		{4D90A776-B2CE-4ED2-B4DC-3F44FF5C7F97}.Release|Any CPU.ActiveCfg = Release|Any CPU
		{4D90A776-B2CE-4ED2-B4DC-3F44FF5C7F97}.Release|Any CPU.Build.0 = Release|Any CPU
		{7DB54F23-F58C-4EE4-8E69-598B81364670}.Debug|Any CPU.ActiveCfg = Debug|Any CPU
		{7DB54F23-F58C-4EE4-8E69-598B81364670}.Debug|Any CPU.Build.0 = Debug|Any CPU
		{7DB54F23-F58C-4EE4-8E69-598B81364670}.Release|Any CPU.ActiveCfg = Release|Any CPU
		{7DB54F23-F58C-4EE4-8E69-598B81364670}.Release|Any CPU.Build.0 = Release|Any CPU
		{58379DB6-14EA-41B7-9B93-37B86399BA1F}.Debug|Any CPU.ActiveCfg = Debug|Any CPU
		{58379DB6-14EA-41B7-9B93-37B86399BA1F}.Debug|Any CPU.Build.0 = Debug|Any CPU
		{58379DB6-14EA-41B7-9B93-37B86399BA1F}.Release|Any CPU.ActiveCfg = Release|Any CPU
		{58379DB6-14EA-41B7-9B93-37B86399BA1F}.Release|Any CPU.Build.0 = Release|Any CPU
		{67C48C87-7022-499E-823D-3176B7669F0D}.Debug|Any CPU.ActiveCfg = Debug|Any CPU
		{67C48C87-7022-499E-823D-3176B7669F0D}.Debug|Any CPU.Build.0 = Debug|Any CPU
		{67C48C87-7022-499E-823D-3176B7669F0D}.Release|Any CPU.ActiveCfg = Release|Any CPU
		{67C48C87-7022-499E-823D-3176B7669F0D}.Release|Any CPU.Build.0 = Release|Any CPU
		{9B5FF5E8-3638-4E50-99AA-4AE11DA67E93}.Debug|Any CPU.ActiveCfg = Debug|Any CPU
		{9B5FF5E8-3638-4E50-99AA-4AE11DA67E93}.Debug|Any CPU.Build.0 = Debug|Any CPU
		{9B5FF5E8-3638-4E50-99AA-4AE11DA67E93}.Release|Any CPU.ActiveCfg = Release|Any CPU
		{9B5FF5E8-3638-4E50-99AA-4AE11DA67E93}.Release|Any CPU.Build.0 = Release|Any CPU
		{D98DB13F-B729-4DD6-9C65-6FB11CFE1211}.Debug|Any CPU.ActiveCfg = Debug|Any CPU
		{D98DB13F-B729-4DD6-9C65-6FB11CFE1211}.Debug|Any CPU.Build.0 = Debug|Any CPU
		{D98DB13F-B729-4DD6-9C65-6FB11CFE1211}.Release|Any CPU.ActiveCfg = Release|Any CPU
		{D98DB13F-B729-4DD6-9C65-6FB11CFE1211}.Release|Any CPU.Build.0 = Release|Any CPU
		{742C93E5-9247-4A5F-8DA2-D3E2BC429A82}.Debug|Any CPU.ActiveCfg = Debug|Any CPU
		{742C93E5-9247-4A5F-8DA2-D3E2BC429A82}.Debug|Any CPU.Build.0 = Debug|Any CPU
		{742C93E5-9247-4A5F-8DA2-D3E2BC429A82}.Release|Any CPU.ActiveCfg = Release|Any CPU
		{742C93E5-9247-4A5F-8DA2-D3E2BC429A82}.Release|Any CPU.Build.0 = Release|Any CPU
		{9C41AB46-F134-4971-B9D4-3FCB560084B5}.Debug|Any CPU.ActiveCfg = Debug|Any CPU
		{9C41AB46-F134-4971-B9D4-3FCB560084B5}.Debug|Any CPU.Build.0 = Debug|Any CPU
		{9C41AB46-F134-4971-B9D4-3FCB560084B5}.Release|Any CPU.ActiveCfg = Release|Any CPU
		{9C41AB46-F134-4971-B9D4-3FCB560084B5}.Release|Any CPU.Build.0 = Release|Any CPU
		{FB169683-5EB6-447E-905E-911E0C0EAEC9}.Debug|Any CPU.ActiveCfg = Debug|Any CPU
		{FB169683-5EB6-447E-905E-911E0C0EAEC9}.Debug|Any CPU.Build.0 = Debug|Any CPU
		{FB169683-5EB6-447E-905E-911E0C0EAEC9}.Release|Any CPU.ActiveCfg = Release|Any CPU
		{FB169683-5EB6-447E-905E-911E0C0EAEC9}.Release|Any CPU.Build.0 = Release|Any CPU
		{A1040FF4-5BC9-42FA-9E09-E402444E5AF2}.Debug|Any CPU.ActiveCfg = Debug|Any CPU
		{A1040FF4-5BC9-42FA-9E09-E402444E5AF2}.Debug|Any CPU.Build.0 = Debug|Any CPU
		{A1040FF4-5BC9-42FA-9E09-E402444E5AF2}.Release|Any CPU.ActiveCfg = Release|Any CPU
		{A1040FF4-5BC9-42FA-9E09-E402444E5AF2}.Release|Any CPU.Build.0 = Release|Any CPU
		{EACB24EE-36FA-4D38-8609-DE42AB838655}.Debug|Any CPU.ActiveCfg = Debug|Any CPU
		{EACB24EE-36FA-4D38-8609-DE42AB838655}.Debug|Any CPU.Build.0 = Debug|Any CPU
		{EACB24EE-36FA-4D38-8609-DE42AB838655}.Release|Any CPU.ActiveCfg = Release|Any CPU
		{EACB24EE-36FA-4D38-8609-DE42AB838655}.Release|Any CPU.Build.0 = Release|Any CPU
		{6FA5A051-CC8B-4762-A193-E0AB348BC02E}.Debug|Any CPU.ActiveCfg = Debug|Any CPU
		{6FA5A051-CC8B-4762-A193-E0AB348BC02E}.Debug|Any CPU.Build.0 = Debug|Any CPU
		{6FA5A051-CC8B-4762-A193-E0AB348BC02E}.Release|Any CPU.ActiveCfg = Release|Any CPU
		{6FA5A051-CC8B-4762-A193-E0AB348BC02E}.Release|Any CPU.Build.0 = Release|Any CPU
		{F7E26899-3044-4F7F-995D-9E4E42BBD310}.Debug|Any CPU.ActiveCfg = Debug|Any CPU
		{F7E26899-3044-4F7F-995D-9E4E42BBD310}.Debug|Any CPU.Build.0 = Debug|Any CPU
		{F7E26899-3044-4F7F-995D-9E4E42BBD310}.Release|Any CPU.ActiveCfg = Release|Any CPU
		{F7E26899-3044-4F7F-995D-9E4E42BBD310}.Release|Any CPU.Build.0 = Release|Any CPU
	EndGlobalSection
	GlobalSection(SolutionProperties) = preSolution
		HideSolutionNode = FALSE
	EndGlobalSection
	GlobalSection(ExtensibilityGlobals) = postSolution
		SolutionGuid = {4C87D049-3B6D-4DF0-A57A-217081214C9D}
	EndGlobalSection
EndGlobal
